{
    "_readme": [
        "This file locks the dependencies of your project to a known state",
        "Read more about it at https://getcomposer.org/doc/01-basic-usage.md#installing-dependencies",
        "This file is @generated automatically"
    ],
    "content-hash": "ae1023c46b977b8cc3d8695b84690dbc",
    "packages": [
        {
            "name": "murdej/query-maker-php",
            "version": "v1.1.1",
            "source": {
                "type": "git",
                "url": "https://github.com/murdej/query-maker-php.git",
                "reference": "c5dbbbf9e525236f681d75af8b0e30866fc18316"
            },
            "dist": {
                "type": "zip",
                "url": "https://api.github.com/repos/murdej/query-maker-php/zipball/c5dbbbf9e525236f681d75af8b0e30866fc18316",
                "reference": "c5dbbbf9e525236f681d75af8b0e30866fc18316",
                "shasum": ""
            },
            "require": {
                "php": ">=8.3"
            },
            "type": "library",
            "autoload": {
                "psr-4": {
                    "Murdej\\QueryMaker\\": "src/QueryMaker/"
                }
            },
            "notification-url": "https://packagist.org/downloads/",
            "authors": [
                {
                    "name": "Vít Peprníček",
                    "email": "vit.peprnicek@gmail.com"
                }
            ],
            "description": "Database query generator.",
            "support": {
                "issues": "https://github.com/murdej/query-maker-php/issues",
                "source": "https://github.com/murdej/query-maker-php/tree/v1.1.1"
            },
            "time": "2026-05-21T14:16:22+00:00"
        },
        {
            "name": "nette/utils",
            "version": "v4.1.5",
            "source": {
                "type": "git",
                "url": "https://github.com/nette/utils.git",
                "reference": "b043439dbdf954e6c28b5ea7e34b0100f83165e0"
            },
            "dist": {
                "type": "zip",
                "url": "https://api.github.com/repos/nette/utils/zipball/b043439dbdf954e6c28b5ea7e34b0100f83165e0",
                "reference": "b043439dbdf954e6c28b5ea7e34b0100f83165e0",
                "shasum": ""
            },
            "require": {
                "php": "8.2 - 8.5"
            },
            "conflict": {
                "nette/finder": "<3",
                "nette/schema": "<1.2.2"
            },
            "require-dev": {
                "jetbrains/phpstorm-attributes": "^1.2",
                "nette/phpstan-rules": "^1.0",
                "nette/tester": "^2.5",
                "phpstan/extension-installer": "^1.4@stable",
                "phpstan/phpstan": "^2.1@stable",
                "tracy/tracy": "^2.9"
            },
            "suggest": {
                "ext-gd": "to use Image",
                "ext-iconv": "to use Strings::chr(), ord() and reverse()",
                "ext-intl": "to use Strings::webalize(), toAscii(), normalize() and compare()",
                "ext-json": "to use Nette\\Utils\\Json",
                "ext-mbstring": "to use Strings::lower() etc...",
                "ext-tokenizer": "to use Nette\\Utils\\Reflection::getUseStatements()"
            },
            "type": "library",
            "extra": {
                "branch-alias": {
                    "dev-master": "4.1-dev"
                }
            },
            "autoload": {
                "psr-4": {
                    "Nette\\": "src"
                },
                "classmap": [
                    "src/"
                ]
            },
            "notification-url": "https://packagist.org/downloads/",
            "license": [
                "BSD-3-Clause",
                "GPL-2.0-only",
                "GPL-3.0-only"
            ],
            "authors": [
                {
                    "name": "David Grudl",
                    "homepage": "https://davidgrudl.com"
                },
                {
                    "name": "Nette Community",
                    "homepage": "https://nette.org/contributors"
                }
            ],
            "description": "🛠  Nette Utils: lightweight utilities for string & array manipulation, image handling, safe JSON encoding/decoding, validation, slug or strong password generating etc.",
            "homepage": "https://nette.org",
            "keywords": [
                "array",
                "core",
                "datetime",
                "images",
                "json",
                "nette",
                "paginator",
                "password",
                "slugify",
                "string",
                "unicode",
                "utf-8",
                "utility",
                "validation"
            ],
            "support": {
                "issues": "https://github.com/nette/utils/issues",
                "source": "https://github.com/nette/utils/tree/v4.1.5"
            },
            "time": "2026-07-17T23:02:45+00:00"
        }
    ],
    "packages-dev": [
        {
            "name": "nette/caching",
            "version": "v3.4.2",
            "source": {
                "type": "git",
                "url": "https://github.com/nette/caching.git",
                "reference": "31f4bc6b366e6896998bd4538b26fa88a627bf2b"
            },
            "dist": {
                "type": "zip",
                "url": "https://api.github.com/repos/nette/caching/zipball/31f4bc6b366e6896998bd4538b26fa88a627bf2b",
                "reference": "31f4bc6b366e6896998bd4538b26fa88a627bf2b",
                "shasum": ""
            },
            "require": {
                "nette/utils": "^4.0",
                "php": "8.1 - 8.5"
            },
            "conflict": {
                "latte/latte": "<3.0.12"
            },
            "require-dev": {
                "latte/latte": "^3.0.12",
                "nette/di": "^3.1 || ^4.0",
                "nette/phpstan-rules": "^1.0",
                "nette/tester": "^2.6",
                "phpstan/extension-installer": "^1.4@stable",
                "phpstan/phpstan": "^2.1.40@stable",
                "psr/simple-cache": "^2.0 || ^3.0",
                "tracy/tracy": "^2.9"
            },
            "suggest": {
                "ext-pdo_sqlite": "to use SQLiteStorage or SQLiteJournal"
            },
            "type": "library",
            "extra": {
                "branch-alias": {
                    "dev-master": "3.4-dev"
                }
            },
            "autoload": {
                "psr-4": {
                    "Nette\\": "src"
                },
                "classmap": [
                    "src/"
                ]
            },
            "notification-url": "https://packagist.org/downloads/",
            "license": [
                "BSD-3-Clause",
                "GPL-2.0-only",
                "GPL-3.0-only"
            ],
            "authors": [
                {
                    "name": "David Grudl",
                    "homepage": "https://davidgrudl.com"
                },
                {
                    "name": "Nette Community",
                    "homepage": "https://nette.org/contributors"
                }
            ],
            "description": "⏱ Nette Caching: library with easy-to-use API and many cache backends.",
            "homepage": "https://nette.org",
            "keywords": [
                "cache",
                "journal",
                "memcached",
                "nette",
                "sqlite"
            ],
            "support": {
                "issues": "https://github.com/nette/caching/issues",
                "source": "https://github.com/nette/caching/tree/v3.4.2"
            },
            "time": "2026-05-12T01:08:42+00:00"
        },
        {
            "name": "nette/database",
            "version": "v3.2.9",
            "source": {
                "type": "git",
                "url": "https://github.com/nette/database.git",
                "reference": "6fe51398fcfc7719f64b7063f99886b438527755"
            },
            "dist": {
                "type": "zip",
                "url": "https://api.github.com/repos/nette/database/zipball/6fe51398fcfc7719f64b7063f99886b438527755",
                "reference": "6fe51398fcfc7719f64b7063f99886b438527755",
                "shasum": ""
            },
            "require": {
                "ext-pdo": "*",
                "nette/caching": "^3.2",
                "nette/utils": "^4.0",
                "php": "8.1 - 8.5"
            },
            "require-dev": {
                "jetbrains/phpstorm-attributes": "^1.2",
                "mockery/mockery": "^1.6@stable",
                "nette/di": "^3.1",
                "nette/phpstan-rules": "^1.0",
                "nette/tester": "^2.6",
                "phpstan/extension-installer": "^1.4@stable",
                "phpstan/phpstan": "^2.1@stable",
                "tracy/tracy": "^2.9"
            },
            "type": "library",
            "extra": {
                "branch-alias": {
                    "dev-master": "3.2-dev"
                }
            },
            "autoload": {
                "psr-4": {
                    "Nette\\": "src"
                },
                "classmap": [
                    "src/"
                ]
            },
            "notification-url": "https://packagist.org/downloads/",
            "license": [
                "BSD-3-Clause",
                "GPL-2.0-only",
                "GPL-3.0-only"
            ],
            "authors": [
                {
                    "name": "David Grudl",
                    "homepage": "https://davidgrudl.com"
                },
                {
                    "name": "Nette Community",
                    "homepage": "https://nette.org/contributors"
                }
            ],
            "description": "💾 Nette Database: layer with a familiar PDO-like API but much more powerful. Building queries, advanced joins, drivers for MySQL, PostgreSQL, SQLite, MS SQL Server and Oracle.",
            "homepage": "https://nette.org",
            "keywords": [
                "database",
                "mssql",
                "mysql",
                "nette",
                "notorm",
                "oracle",
                "pdo",
                "postgresql",
                "queries",
                "sqlite"
            ],
            "support": {
                "issues": "https://github.com/nette/database/issues",
                "source": "https://github.com/nette/database/tree/v3.2.9"
            },
            "time": "2026-04-22T05:48:11+00:00"
        }
    ],
    "aliases": [],
    "minimum-stability": "stable",
    "stability-flags": {},
    "prefer-stable": false,
    "prefer-lowest": false,
    "platform": {
        "php": ">=8.2",
        "ext-json": "*"
    },
    "platform-dev": {},
    "plugin-api-version": "2.9.0"
}
